
Microsoft Visual Studio Solution File, Format Version 12.00
# Visual Studio Version 16
VisualStudioVersion = 16.0.29613.14
MinimumVisualStudioVersion = 10.0.40219.1
Project("{888888A0-9F3D-457C-B088-3A5042F75D52}") = "PA3_2", "PA3_2.pyproj", "{B838182F-04A2-43BE-B89C-9221BAEA51D5}"
EndProject
Global
	GlobalSection(SolutionConfigurationPlatforms) = preSolution
		Debug|Any CPU = Debug|Any CPU
		Release|Any CPU = Release|Any CPU
	EndGlobalSection
	GlobalSection(ProjectConfigurationPlatforms) = postSolution
		{B838182F-04A2-43BE-B89C-9221BAEA51D5}.Debug|Any CPU.ActiveCfg = Debug|Any CPU
		{B838182F-04A2-43BE-B89C-9221BAEA51D5}.Release|Any CPU.ActiveCfg = Release|Any CPU
	EndGlobalSection
	GlobalSection(SolutionProperties) = preSolution
		HideSolutionNode = FALSE
	EndGlobalSection
	GlobalSection(ExtensibilityGlobals) = postSolution
		SolutionGuid = {194C05F8-1BF1-4F01-8622-770BF671B2B5}
	EndGlobalSection
EndGlobal
