
Microsoft Visual Studio Solution File, Format Version 12.00
# Visual Studio Version 16
VisualStudioVersion = 16.0.29613.14
MinimumVisualStudioVersion = 10.0.40219.1
Project("{888888A0-9F3D-457C-B088-3A5042F75D52}") = "PA3", "PA3.pyproj", "{911A04F1-764F-4BFD-955C-69CE145C2669}"
EndProject
Global
	GlobalSection(SolutionConfigurationPlatforms) = preSolution
		Debug|Any CPU = Debug|Any CPU
		Release|Any CPU = Release|Any CPU
	EndGlobalSection
	GlobalSection(ProjectConfigurationPlatforms) = postSolution
		{911A04F1-764F-4BFD-955C-69CE145C2669}.Debug|Any CPU.ActiveCfg = Debug|Any CPU
		{911A04F1-764F-4BFD-955C-69CE145C2669}.Release|Any CPU.ActiveCfg = Release|Any CPU
	EndGlobalSection
	GlobalSection(SolutionProperties) = preSolution
		HideSolutionNode = FALSE
	EndGlobalSection
	GlobalSection(ExtensibilityGlobals) = postSolution
		SolutionGuid = {8747C469-B241-4E70-B506-7970934159CB}
	EndGlobalSection
EndGlobal
